
Microsoft Visual Studio Solution File, Format Version 12.00
# Visual Studio Version 16
VisualStudioVersion = 16.0.30011.22
MinimumVisualStudioVersion = 10.0.40219.1
Project("{2150E333-8FDC-42A3-9474-1A3956D46DE8}") = "50. Core", "50. Core", "{7E4B4C65-4D1B-49B6-B619-DEC54B513A25}"
EndProject
Project("{2150E333-8FDC-42A3-9474-1A3956D46DE8}") = "90. Testing", "90. Testing", "{FD610F23-DD95-4C57-AF90-015CF9D5EABF}"
EndProject
Project("{2150E333-8FDC-42A3-9474-1A3956D46DE8}") = "10. PresentationLayer", "10. PresentationLayer", "{83E5CADE-2D64-44C9-956E-5BB806780670}"
EndProject
Project("{2150E333-8FDC-42A3-9474-1A3956D46DE8}") = "20. BusinessLayer", "20. BusinessLayer", "{BCDB8FDA-52AD-40D1-8974-3FAD9AD897C0}"
EndProject
Project("{2150E333-8FDC-42A3-9474-1A3956D46DE8}") = "30. DataAccessLayer", "30. DataAccessLayer", "{68935153-0753-4ADA-B010-3DD4CB068799}"
EndProject
Project("{2150E333-8FDC-42A3-9474-1A3956D46DE8}") = "00. DependencyContainer", "00. DependencyContainer", "{2AE85A72-AC48-4866-8559-386F4ACE1F2D}"
EndProject
Project("{2150E333-8FDC-42A3-9474-1A3956D46DE8}") = "40. CrosscuttingConcerns", "40. CrosscuttingConcerns", "{1C7479F5-0D22-4D64-8C35-69B21380F564}"
EndProject
Project("{2150E333-8FDC-42A3-9474-1A3956D46DE8}") = "Web", "Web", "{0627FFEB-159A-4492-AD96-DB111EA33EA5}"
EndProject
Project("{2150E333-8FDC-42A3-9474-1A3956D46DE8}") = "Mobile", "Mobile", "{B1DC9BE4-0B66-4983-A254-A6E28D138975}"
EndProject
Project("{2150E333-8FDC-42A3-9474-1A3956D46DE8}") = "Infra", "Infra", "{2AF0F051-92E8-4EBA-9ECA-BD0B43E2E64C}"
EndProject
Project("{2150E333-8FDC-42A3-9474-1A3956D46DE8}") = "Infra", "Infra", "{625D3F03-FE6C-44BC-972E-D53B5CCB3A8D}"
EndProject
Project("{2150E333-8FDC-42A3-9474-1A3956D46DE8}") = "Web", "Web", "{784AFB40-8CF7-4C78-9018-63A5E075528D}"
EndProject
Project("{2150E333-8FDC-42A3-9474-1A3956D46DE8}") = "Mobile", "Mobile", "{57E9DC1D-EBE4-4A47-AA94-BF800513FFD6}"
EndProject
Project("{2150E333-8FDC-42A3-9474-1A3956D46DE8}") = "Infra", "Infra", "{479CBDEE-E299-421F-B9AC-54DA5DAB10B4}"
EndProject
Project("{2150E333-8FDC-42A3-9474-1A3956D46DE8}") = "Blazor", "Blazor", "{06CA471C-E9C4-4CC7-8CCA-D04EB01818BD}"
EndProject
Project("{9A19103F-16F7-4668-BE54-9A1E7A4F7556}") = "MTS.DataAcces.AccountAPI", "30. DataAccessLayer\API\MTS.DataAcces.AccountAPI.csproj", "{688FDC14-889D-4F95-824A-0D98077B13CC}"
EndProject
Project("{9A19103F-16F7-4668-BE54-9A1E7A4F7556}") = "EmailLibrary", "30. DataAccessLayer\Infra\EmailHandler\EmailLibrary.csproj", "{45635095-C7E0-41CA-978B-1DAB84FBA05E}"
EndProject
Project("{9A19103F-16F7-4668-BE54-9A1E7A4F7556}") = "CLI", "90. Testing\CLI\CLI.csproj", "{EBA5AE29-557A-4692-8CDC-F59594C63838}"
EndProject
Project("{2150E333-8FDC-42A3-9474-1A3956D46DE8}") = "Infra", "Infra", "{381414DE-83B5-49B7-8929-DF2B45BBAF38}"
	ProjectSection(SolutionItems) = preProject
		90. Testing\DebugLibrary\Testing.Infra.DebugLibrary.csproj = 90. Testing\DebugLibrary\Testing.Infra.DebugLibrary.csproj
	EndProjectSection
EndProject
Project("{2150E333-8FDC-42A3-9474-1A3956D46DE8}") = "Blazor", "Blazor", "{92C989F3-C94A-43CC-A510-AF9EEDB7805E}"
EndProject
Project("{9A19103F-16F7-4668-BE54-9A1E7A4F7556}") = "MTS.PL.Web.Blazor.Client", "10. PresentationLayer\Web\Blazor\MTS.PL.Web.Blazor.Client\MTS.PL.Web.Blazor.Client.csproj", "{77D07A1D-A386-4FE0-ABFA-792BE8C725B9}"
EndProject
Project("{9A19103F-16F7-4668-BE54-9A1E7A4F7556}") = "MTS.BL.Web.Blazor.Server", "20. BusinessLayer\Web\Blazor\MTS.BL.Web.Blazor.Server\MTS.BL.Web.Blazor.Server.csproj", "{376F7CA2-F9E8-47E9-A18B-B80CE7DF7BE3}"
EndProject
Project("{9A19103F-16F7-4668-BE54-9A1E7A4F7556}") = "MTS.BL.Infra.APILibrary", "20. BusinessLayer\Infra\MTS.BL.Infra.APILibrary\MTS.BL.Infra.APILibrary.csproj", "{FE83F51A-C3EE-4878-8C09-0D0ED5E6C70D}"
EndProject
Project("{9A19103F-16F7-4668-BE54-9A1E7A4F7556}") = "MTS.PL.Infra.InjectionLibrary", "10. PresentationLayer\Infra\MTS.PL.Infra.InjectionLibrary\MTS.PL.Infra.InjectionLibrary.csproj", "{888C6D3D-C1DD-4D0A-9DE7-120197051B82}"
EndProject
Project("{9A19103F-16F7-4668-BE54-9A1E7A4F7556}") = "MTS.PL.Infra.BlazorLibrary", "10. PresentationLayer\Infra\MTS.PL.Infra.BlazorLibrary\MTS.PL.Infra.BlazorLibrary.csproj", "{EABCEAA8-1A47-472E-A730-1E214EAB0EA0}"
EndProject
Project("{9A19103F-16F7-4668-BE54-9A1E7A4F7556}") = "MTS.Core.GlobalLibrary", "50. Core\MTS.Core.GlobalLibrary\MTS.Core.GlobalLibrary.csproj", "{AA23DEE3-117C-45CC-8089-98CCA724E09F}"
EndProject
Global
	GlobalSection(SolutionConfigurationPlatforms) = preSolution
		Debug|Any CPU = Debug|Any CPU
		Release|Any CPU = Release|Any CPU
	EndGlobalSection
	GlobalSection(ProjectConfigurationPlatforms) = postSolution
		{688FDC14-889D-4F95-824A-0D98077B13CC}.Debug|Any CPU.ActiveCfg = Debug|Any CPU
		{688FDC14-889D-4F95-824A-0D98077B13CC}.Debug|Any CPU.Build.0 = Debug|Any CPU
		{688FDC14-889D-4F95-824A-0D98077B13CC}.Release|Any CPU.ActiveCfg = Release|Any CPU
		{688FDC14-889D-4F95-824A-0D98077B13CC}.Release|Any CPU.Build.0 = Release|Any CPU
		{45635095-C7E0-41CA-978B-1DAB84FBA05E}.Debug|Any CPU.ActiveCfg = Debug|Any CPU
		{45635095-C7E0-41CA-978B-1DAB84FBA05E}.Debug|Any CPU.Build.0 = Debug|Any CPU
		{45635095-C7E0-41CA-978B-1DAB84FBA05E}.Release|Any CPU.ActiveCfg = Release|Any CPU
		{45635095-C7E0-41CA-978B-1DAB84FBA05E}.Release|Any CPU.Build.0 = Release|Any CPU
		{EBA5AE29-557A-4692-8CDC-F59594C63838}.Debug|Any CPU.ActiveCfg = Debug|Any CPU
		{EBA5AE29-557A-4692-8CDC-F59594C63838}.Debug|Any CPU.Build.0 = Debug|Any CPU
		{EBA5AE29-557A-4692-8CDC-F59594C63838}.Release|Any CPU.ActiveCfg = Release|Any CPU
		{EBA5AE29-557A-4692-8CDC-F59594C63838}.Release|Any CPU.Build.0 = Release|Any CPU
		{77D07A1D-A386-4FE0-ABFA-792BE8C725B9}.Debug|Any CPU.ActiveCfg = Debug|Any CPU
		{77D07A1D-A386-4FE0-ABFA-792BE8C725B9}.Debug|Any CPU.Build.0 = Debug|Any CPU
		{77D07A1D-A386-4FE0-ABFA-792BE8C725B9}.Release|Any CPU.ActiveCfg = Release|Any CPU
		{77D07A1D-A386-4FE0-ABFA-792BE8C725B9}.Release|Any CPU.Build.0 = Release|Any CPU
		{376F7CA2-F9E8-47E9-A18B-B80CE7DF7BE3}.Debug|Any CPU.ActiveCfg = Debug|Any CPU
		{376F7CA2-F9E8-47E9-A18B-B80CE7DF7BE3}.Debug|Any CPU.Build.0 = Debug|Any CPU
		{376F7CA2-F9E8-47E9-A18B-B80CE7DF7BE3}.Release|Any CPU.ActiveCfg = Release|Any CPU
		{376F7CA2-F9E8-47E9-A18B-B80CE7DF7BE3}.Release|Any CPU.Build.0 = Release|Any CPU
		{FE83F51A-C3EE-4878-8C09-0D0ED5E6C70D}.Debug|Any CPU.ActiveCfg = Debug|Any CPU
		{FE83F51A-C3EE-4878-8C09-0D0ED5E6C70D}.Debug|Any CPU.Build.0 = Debug|Any CPU
		{FE83F51A-C3EE-4878-8C09-0D0ED5E6C70D}.Release|Any CPU.ActiveCfg = Release|Any CPU
		{FE83F51A-C3EE-4878-8C09-0D0ED5E6C70D}.Release|Any CPU.Build.0 = Release|Any CPU
		{888C6D3D-C1DD-4D0A-9DE7-120197051B82}.Debug|Any CPU.ActiveCfg = Debug|Any CPU
		{888C6D3D-C1DD-4D0A-9DE7-120197051B82}.Debug|Any CPU.Build.0 = Debug|Any CPU
		{888C6D3D-C1DD-4D0A-9DE7-120197051B82}.Release|Any CPU.ActiveCfg = Release|Any CPU
		{888C6D3D-C1DD-4D0A-9DE7-120197051B82}.Release|Any CPU.Build.0 = Release|Any CPU
		{EABCEAA8-1A47-472E-A730-1E214EAB0EA0}.Debug|Any CPU.ActiveCfg = Debug|Any CPU
		{EABCEAA8-1A47-472E-A730-1E214EAB0EA0}.Debug|Any CPU.Build.0 = Debug|Any CPU
		{EABCEAA8-1A47-472E-A730-1E214EAB0EA0}.Release|Any CPU.ActiveCfg = Release|Any CPU
		{EABCEAA8-1A47-472E-A730-1E214EAB0EA0}.Release|Any CPU.Build.0 = Release|Any CPU
		{AA23DEE3-117C-45CC-8089-98CCA724E09F}.Debug|Any CPU.ActiveCfg = Debug|Any CPU
		{AA23DEE3-117C-45CC-8089-98CCA724E09F}.Debug|Any CPU.Build.0 = Debug|Any CPU
		{AA23DEE3-117C-45CC-8089-98CCA724E09F}.Release|Any CPU.ActiveCfg = Release|Any CPU
		{AA23DEE3-117C-45CC-8089-98CCA724E09F}.Release|Any CPU.Build.0 = Release|Any CPU
	EndGlobalSection
	GlobalSection(SolutionProperties) = preSolution
		HideSolutionNode = FALSE
	EndGlobalSection
	GlobalSection(NestedProjects) = preSolution
		{0627FFEB-159A-4492-AD96-DB111EA33EA5} = {83E5CADE-2D64-44C9-956E-5BB806780670}
		{B1DC9BE4-0B66-4983-A254-A6E28D138975} = {83E5CADE-2D64-44C9-956E-5BB806780670}
		{2AF0F051-92E8-4EBA-9ECA-BD0B43E2E64C} = {83E5CADE-2D64-44C9-956E-5BB806780670}
		{625D3F03-FE6C-44BC-972E-D53B5CCB3A8D} = {68935153-0753-4ADA-B010-3DD4CB068799}
		{784AFB40-8CF7-4C78-9018-63A5E075528D} = {BCDB8FDA-52AD-40D1-8974-3FAD9AD897C0}
		{57E9DC1D-EBE4-4A47-AA94-BF800513FFD6} = {BCDB8FDA-52AD-40D1-8974-3FAD9AD897C0}
		{479CBDEE-E299-421F-B9AC-54DA5DAB10B4} = {BCDB8FDA-52AD-40D1-8974-3FAD9AD897C0}
		{06CA471C-E9C4-4CC7-8CCA-D04EB01818BD} = {0627FFEB-159A-4492-AD96-DB111EA33EA5}
		{688FDC14-889D-4F95-824A-0D98077B13CC} = {68935153-0753-4ADA-B010-3DD4CB068799}
		{45635095-C7E0-41CA-978B-1DAB84FBA05E} = {625D3F03-FE6C-44BC-972E-D53B5CCB3A8D}
		{EBA5AE29-557A-4692-8CDC-F59594C63838} = {FD610F23-DD95-4C57-AF90-015CF9D5EABF}
		{381414DE-83B5-49B7-8929-DF2B45BBAF38} = {FD610F23-DD95-4C57-AF90-015CF9D5EABF}
		{92C989F3-C94A-43CC-A510-AF9EEDB7805E} = {784AFB40-8CF7-4C78-9018-63A5E075528D}
		{77D07A1D-A386-4FE0-ABFA-792BE8C725B9} = {06CA471C-E9C4-4CC7-8CCA-D04EB01818BD}
		{376F7CA2-F9E8-47E9-A18B-B80CE7DF7BE3} = {92C989F3-C94A-43CC-A510-AF9EEDB7805E}
		{FE83F51A-C3EE-4878-8C09-0D0ED5E6C70D} = {479CBDEE-E299-421F-B9AC-54DA5DAB10B4}
		{888C6D3D-C1DD-4D0A-9DE7-120197051B82} = {2AF0F051-92E8-4EBA-9ECA-BD0B43E2E64C}
		{EABCEAA8-1A47-472E-A730-1E214EAB0EA0} = {2AF0F051-92E8-4EBA-9ECA-BD0B43E2E64C}
		{AA23DEE3-117C-45CC-8089-98CCA724E09F} = {7E4B4C65-4D1B-49B6-B619-DEC54B513A25}
	EndGlobalSection
	GlobalSection(ExtensibilityGlobals) = postSolution
		SolutionGuid = {7DDA1294-038E-47BD-9AF1-CDB9ADCB4B5F}
	EndGlobalSection
EndGlobal
