
Microsoft Visual Studio Solution File, Format Version 12.00
# Visual Studio Version 16
VisualStudioVersion = 16.0.30011.22
MinimumVisualStudioVersion = 10.0.40219.1
Project("{2150E333-8FDC-42A3-9474-1A3956D46DE8}") = "50. Core", "50. Core", "{7E4B4C65-4D1B-49B6-B619-DEC54B513A25}"
EndProject
Project("{2150E333-8FDC-42A3-9474-1A3956D46DE8}") = "90. Testing", "90. Testing", "{FD610F23-DD95-4C57-AF90-015CF9D5EABF}"
EndProject
Project("{2150E333-8FDC-42A3-9474-1A3956D46DE8}") = "10. PresentationLayer", "10. PresentationLayer", "{83E5CADE-2D64-44C9-956E-5BB806780670}"
EndProject
Project("{2150E333-8FDC-42A3-9474-1A3956D46DE8}") = "20. BusinessLayer", "20. BusinessLayer", "{BCDB8FDA-52AD-40D1-8974-3FAD9AD897C0}"
EndProject
Project("{2150E333-8FDC-42A3-9474-1A3956D46DE8}") = "30. DataAccessLayer", "30. DataAccessLayer", "{68935153-0753-4ADA-B010-3DD4CB068799}"
EndProject
Project("{2150E333-8FDC-42A3-9474-1A3956D46DE8}") = "00. DependencyContainer", "00. DependencyContainer", "{2AE85A72-AC48-4866-8559-386F4ACE1F2D}"
EndProject
Project("{2150E333-8FDC-42A3-9474-1A3956D46DE8}") = "40. CrosscuttingConcerns", "40. CrosscuttingConcerns", "{1C7479F5-0D22-4D64-8C35-69B21380F564}"
EndProject
Project("{2150E333-8FDC-42A3-9474-1A3956D46DE8}") = "Web", "Web", "{0627FFEB-159A-4492-AD96-DB111EA33EA5}"
EndProject
Project("{2150E333-8FDC-42A3-9474-1A3956D46DE8}") = "Mobile", "Mobile", "{B1DC9BE4-0B66-4983-A254-A6E28D138975}"
EndProject
Project("{2150E333-8FDC-42A3-9474-1A3956D46DE8}") = "Infra", "Infra", "{2AF0F051-92E8-4EBA-9ECA-BD0B43E2E64C}"
EndProject
Project("{2150E333-8FDC-42A3-9474-1A3956D46DE8}") = "Infra", "Infra", "{479CBDEE-E299-421F-B9AC-54DA5DAB10B4}"
EndProject
Project("{2150E333-8FDC-42A3-9474-1A3956D46DE8}") = "Blazor", "Blazor", "{06CA471C-E9C4-4CC7-8CCA-D04EB01818BD}"
EndProject
Project("{9A19103F-16F7-4668-BE54-9A1E7A4F7556}") = "MTS.BL.API", "30. DataAccessLayer\API\MTS.BL.API.csproj", "{688FDC14-889D-4F95-824A-0D98077B13CC}"
EndProject
Project("{9A19103F-16F7-4668-BE54-9A1E7A4F7556}") = "MTS.BL.Email", "30. DataAccessLayer\Infra\EmailHandler\MTS.BL.Email.csproj", "{45635095-C7E0-41CA-978B-1DAB84FBA05E}"
EndProject
Project("{9A19103F-16F7-4668-BE54-9A1E7A4F7556}") = "MTS.T.CLI", "90. Testing\CLI\MTS.T.CLI.csproj", "{EBA5AE29-557A-4692-8CDC-F59594C63838}"
EndProject
Project("{2150E333-8FDC-42A3-9474-1A3956D46DE8}") = "Infra", "Infra", "{381414DE-83B5-49B7-8929-DF2B45BBAF38}"
EndProject
Project("{9A19103F-16F7-4668-BE54-9A1E7A4F7556}") = "MTS.PL.Web.Blazor.Client", "10. PresentationLayer\Web\Blazor\MTS.PL.Web.Blazor.Client\MTS.PL.Web.Blazor.Client.csproj", "{77D07A1D-A386-4FE0-ABFA-792BE8C725B9}"
EndProject
Project("{9A19103F-16F7-4668-BE54-9A1E7A4F7556}") = "MTS.BL.Entities.Standard", "20. BusinessLayer\Infra\MTS.BL.Infra.APILibrary\MTS.BL.Entities.Standard.csproj", "{FE83F51A-C3EE-4878-8C09-0D0ED5E6C70D}"
EndProject
Project("{9A19103F-16F7-4668-BE54-9A1E7A4F7556}") = "MTS.PL.Infra.Interfaces.Standard", "10. PresentationLayer\Infra\MTS.PL.Infra.InjectionLibrary\MTS.PL.Infra.Interfaces.Standard.csproj", "{888C6D3D-C1DD-4D0A-9DE7-120197051B82}"
EndProject
Project("{9A19103F-16F7-4668-BE54-9A1E7A4F7556}") = "MTS.PL.Entities.Standard", "10. PresentationLayer\Infra\MTS.PL.Infra.BlazorLibrary\MTS.PL.Entities.Standard.csproj", "{EABCEAA8-1A47-472E-A730-1E214EAB0EA0}"
EndProject
Project("{9A19103F-16F7-4668-BE54-9A1E7A4F7556}") = "MTS.Core.GlobalLibrary", "50. Core\MTS.Core.GlobalLibrary\MTS.Core.GlobalLibrary.csproj", "{AA23DEE3-117C-45CC-8089-98CCA724E09F}"
EndProject
Project("{9A19103F-16F7-4668-BE54-9A1E7A4F7556}") = "MTS.DAL.Interfaces.Standard", "MTS.DAL.Infra.Interfaces\MTS.DAL.Interfaces.Standard.csproj", "{81B87A13-AB1E-4F02-8806-D5DE3919064D}"
EndProject
Project("{9A19103F-16F7-4668-BE54-9A1E7A4F7556}") = "MTS.DAL.Entities.Core", "MTS.DAL.Infra.Entities\MTS.DAL.Entities.Core.csproj", "{670D84F5-26E3-4557-A8C7-18FC9639B21C}"
EndProject
Project("{9A19103F-16F7-4668-BE54-9A1E7A4F7556}") = "MTS.DAL.DatabaseAccess", "30. DataAccessLayer\MTS.DAL.CRUDFunctions\MTS.DAL.CRUDFunctions\MTS.DAL.DatabaseAccess.csproj", "{5F2BE363-C124-4C66-8F9A-32AC4FE25EB6}"
EndProject
Project("{2150E333-8FDC-42A3-9474-1A3956D46DE8}") = "API", "API", "{976DD53C-B594-43C6-8B58-64EA3A3A6D83}"
EndProject
Project("{9A19103F-16F7-4668-BE54-9A1E7A4F7556}") = "MTS.BL.Infra.Interfaces.Standard", "MTS.BL.Infra.Interfaces.Standard\MTS.BL.Infra.Interfaces.Standard.csproj", "{1FC819BC-0890-4C1C-85C9-38D76E541B0C}"
EndProject
Project("{9A19103F-16F7-4668-BE54-9A1E7A4F7556}") = "MTS.DAL.Entities.Standard", "MTS.DAL.Entities.Standard\MTS.DAL.Entities.Standard.csproj", "{90602373-9D89-4BC8-8237-D4F9535B0C16}"
EndProject
Project("{2150E333-8FDC-42A3-9474-1A3956D46DE8}") = "Logic", "Logic", "{009014EE-4B60-43C8-8634-14B96CF6D0C3}"
EndProject
Project("{FAE04EC0-301F-11D3-BF4B-00C04F79EFBC}") = "MTS.BL.Logic", "MTS.BL.Logic\MTS.BL.Logic.csproj", "{63D12C73-773A-46A1-BBED-30BAAE4E912E}"
EndProject
Project("{2150E333-8FDC-42A3-9474-1A3956D46DE8}") = "Concrete", "Concrete", "{7C46ED76-4177-4CD3-9F49-3600EAAD798F}"
EndProject
Project("{2150E333-8FDC-42A3-9474-1A3956D46DE8}") = "Concrete", "Concrete", "{C34EEFF1-93ED-4764-B340-8AF1DC491A0C}"
EndProject
Global
	GlobalSection(SolutionConfigurationPlatforms) = preSolution
		Debug|Any CPU = Debug|Any CPU
		Release|Any CPU = Release|Any CPU
	EndGlobalSection
	GlobalSection(ProjectConfigurationPlatforms) = postSolution
		{688FDC14-889D-4F95-824A-0D98077B13CC}.Debug|Any CPU.ActiveCfg = Debug|Any CPU
		{688FDC14-889D-4F95-824A-0D98077B13CC}.Debug|Any CPU.Build.0 = Debug|Any CPU
		{688FDC14-889D-4F95-824A-0D98077B13CC}.Release|Any CPU.ActiveCfg = Release|Any CPU
		{688FDC14-889D-4F95-824A-0D98077B13CC}.Release|Any CPU.Build.0 = Release|Any CPU
		{45635095-C7E0-41CA-978B-1DAB84FBA05E}.Debug|Any CPU.ActiveCfg = Debug|Any CPU
		{45635095-C7E0-41CA-978B-1DAB84FBA05E}.Debug|Any CPU.Build.0 = Debug|Any CPU
		{45635095-C7E0-41CA-978B-1DAB84FBA05E}.Release|Any CPU.ActiveCfg = Release|Any CPU
		{45635095-C7E0-41CA-978B-1DAB84FBA05E}.Release|Any CPU.Build.0 = Release|Any CPU
		{EBA5AE29-557A-4692-8CDC-F59594C63838}.Debug|Any CPU.ActiveCfg = Debug|Any CPU
		{EBA5AE29-557A-4692-8CDC-F59594C63838}.Debug|Any CPU.Build.0 = Debug|Any CPU
		{EBA5AE29-557A-4692-8CDC-F59594C63838}.Release|Any CPU.ActiveCfg = Release|Any CPU
		{EBA5AE29-557A-4692-8CDC-F59594C63838}.Release|Any CPU.Build.0 = Release|Any CPU
		{77D07A1D-A386-4FE0-ABFA-792BE8C725B9}.Debug|Any CPU.ActiveCfg = Debug|Any CPU
		{77D07A1D-A386-4FE0-ABFA-792BE8C725B9}.Debug|Any CPU.Build.0 = Debug|Any CPU
		{77D07A1D-A386-4FE0-ABFA-792BE8C725B9}.Release|Any CPU.ActiveCfg = Release|Any CPU
		{77D07A1D-A386-4FE0-ABFA-792BE8C725B9}.Release|Any CPU.Build.0 = Release|Any CPU
		{FE83F51A-C3EE-4878-8C09-0D0ED5E6C70D}.Debug|Any CPU.ActiveCfg = Debug|Any CPU
		{FE83F51A-C3EE-4878-8C09-0D0ED5E6C70D}.Debug|Any CPU.Build.0 = Debug|Any CPU
		{FE83F51A-C3EE-4878-8C09-0D0ED5E6C70D}.Release|Any CPU.ActiveCfg = Release|Any CPU
		{FE83F51A-C3EE-4878-8C09-0D0ED5E6C70D}.Release|Any CPU.Build.0 = Release|Any CPU
		{888C6D3D-C1DD-4D0A-9DE7-120197051B82}.Debug|Any CPU.ActiveCfg = Debug|Any CPU
		{888C6D3D-C1DD-4D0A-9DE7-120197051B82}.Debug|Any CPU.Build.0 = Debug|Any CPU
		{888C6D3D-C1DD-4D0A-9DE7-120197051B82}.Release|Any CPU.ActiveCfg = Release|Any CPU
		{888C6D3D-C1DD-4D0A-9DE7-120197051B82}.Release|Any CPU.Build.0 = Release|Any CPU
		{EABCEAA8-1A47-472E-A730-1E214EAB0EA0}.Debug|Any CPU.ActiveCfg = Debug|Any CPU
		{EABCEAA8-1A47-472E-A730-1E214EAB0EA0}.Debug|Any CPU.Build.0 = Debug|Any CPU
		{EABCEAA8-1A47-472E-A730-1E214EAB0EA0}.Release|Any CPU.ActiveCfg = Release|Any CPU
		{EABCEAA8-1A47-472E-A730-1E214EAB0EA0}.Release|Any CPU.Build.0 = Release|Any CPU
		{AA23DEE3-117C-45CC-8089-98CCA724E09F}.Debug|Any CPU.ActiveCfg = Debug|Any CPU
		{AA23DEE3-117C-45CC-8089-98CCA724E09F}.Debug|Any CPU.Build.0 = Debug|Any CPU
		{AA23DEE3-117C-45CC-8089-98CCA724E09F}.Release|Any CPU.ActiveCfg = Release|Any CPU
		{AA23DEE3-117C-45CC-8089-98CCA724E09F}.Release|Any CPU.Build.0 = Release|Any CPU
		{81B87A13-AB1E-4F02-8806-D5DE3919064D}.Debug|Any CPU.ActiveCfg = Debug|Any CPU
		{81B87A13-AB1E-4F02-8806-D5DE3919064D}.Debug|Any CPU.Build.0 = Debug|Any CPU
		{81B87A13-AB1E-4F02-8806-D5DE3919064D}.Release|Any CPU.ActiveCfg = Release|Any CPU
		{81B87A13-AB1E-4F02-8806-D5DE3919064D}.Release|Any CPU.Build.0 = Release|Any CPU
		{670D84F5-26E3-4557-A8C7-18FC9639B21C}.Debug|Any CPU.ActiveCfg = Debug|Any CPU
		{670D84F5-26E3-4557-A8C7-18FC9639B21C}.Debug|Any CPU.Build.0 = Debug|Any CPU
		{670D84F5-26E3-4557-A8C7-18FC9639B21C}.Release|Any CPU.ActiveCfg = Release|Any CPU
		{670D84F5-26E3-4557-A8C7-18FC9639B21C}.Release|Any CPU.Build.0 = Release|Any CPU
		{5F2BE363-C124-4C66-8F9A-32AC4FE25EB6}.Debug|Any CPU.ActiveCfg = Debug|Any CPU
		{5F2BE363-C124-4C66-8F9A-32AC4FE25EB6}.Debug|Any CPU.Build.0 = Debug|Any CPU
		{5F2BE363-C124-4C66-8F9A-32AC4FE25EB6}.Release|Any CPU.ActiveCfg = Release|Any CPU
		{5F2BE363-C124-4C66-8F9A-32AC4FE25EB6}.Release|Any CPU.Build.0 = Release|Any CPU
		{1FC819BC-0890-4C1C-85C9-38D76E541B0C}.Debug|Any CPU.ActiveCfg = Debug|Any CPU
		{1FC819BC-0890-4C1C-85C9-38D76E541B0C}.Debug|Any CPU.Build.0 = Debug|Any CPU
		{1FC819BC-0890-4C1C-85C9-38D76E541B0C}.Release|Any CPU.ActiveCfg = Release|Any CPU
		{1FC819BC-0890-4C1C-85C9-38D76E541B0C}.Release|Any CPU.Build.0 = Release|Any CPU
		{90602373-9D89-4BC8-8237-D4F9535B0C16}.Debug|Any CPU.ActiveCfg = Debug|Any CPU
		{90602373-9D89-4BC8-8237-D4F9535B0C16}.Debug|Any CPU.Build.0 = Debug|Any CPU
		{90602373-9D89-4BC8-8237-D4F9535B0C16}.Release|Any CPU.ActiveCfg = Release|Any CPU
		{90602373-9D89-4BC8-8237-D4F9535B0C16}.Release|Any CPU.Build.0 = Release|Any CPU
		{63D12C73-773A-46A1-BBED-30BAAE4E912E}.Debug|Any CPU.ActiveCfg = Debug|Any CPU
		{63D12C73-773A-46A1-BBED-30BAAE4E912E}.Debug|Any CPU.Build.0 = Debug|Any CPU
		{63D12C73-773A-46A1-BBED-30BAAE4E912E}.Release|Any CPU.ActiveCfg = Release|Any CPU
		{63D12C73-773A-46A1-BBED-30BAAE4E912E}.Release|Any CPU.Build.0 = Release|Any CPU
	EndGlobalSection
	GlobalSection(SolutionProperties) = preSolution
		HideSolutionNode = FALSE
	EndGlobalSection
	GlobalSection(NestedProjects) = preSolution
		{0627FFEB-159A-4492-AD96-DB111EA33EA5} = {83E5CADE-2D64-44C9-956E-5BB806780670}
		{B1DC9BE4-0B66-4983-A254-A6E28D138975} = {83E5CADE-2D64-44C9-956E-5BB806780670}
		{2AF0F051-92E8-4EBA-9ECA-BD0B43E2E64C} = {83E5CADE-2D64-44C9-956E-5BB806780670}
		{479CBDEE-E299-421F-B9AC-54DA5DAB10B4} = {BCDB8FDA-52AD-40D1-8974-3FAD9AD897C0}
		{06CA471C-E9C4-4CC7-8CCA-D04EB01818BD} = {0627FFEB-159A-4492-AD96-DB111EA33EA5}
		{688FDC14-889D-4F95-824A-0D98077B13CC} = {976DD53C-B594-43C6-8B58-64EA3A3A6D83}
		{45635095-C7E0-41CA-978B-1DAB84FBA05E} = {BCDB8FDA-52AD-40D1-8974-3FAD9AD897C0}
		{EBA5AE29-557A-4692-8CDC-F59594C63838} = {FD610F23-DD95-4C57-AF90-015CF9D5EABF}
		{381414DE-83B5-49B7-8929-DF2B45BBAF38} = {FD610F23-DD95-4C57-AF90-015CF9D5EABF}
		{77D07A1D-A386-4FE0-ABFA-792BE8C725B9} = {06CA471C-E9C4-4CC7-8CCA-D04EB01818BD}
		{FE83F51A-C3EE-4878-8C09-0D0ED5E6C70D} = {BCDB8FDA-52AD-40D1-8974-3FAD9AD897C0}
		{888C6D3D-C1DD-4D0A-9DE7-120197051B82} = {2AF0F051-92E8-4EBA-9ECA-BD0B43E2E64C}
		{EABCEAA8-1A47-472E-A730-1E214EAB0EA0} = {C34EEFF1-93ED-4764-B340-8AF1DC491A0C}
		{AA23DEE3-117C-45CC-8089-98CCA724E09F} = {7E4B4C65-4D1B-49B6-B619-DEC54B513A25}
		{81B87A13-AB1E-4F02-8806-D5DE3919064D} = {68935153-0753-4ADA-B010-3DD4CB068799}
		{670D84F5-26E3-4557-A8C7-18FC9639B21C} = {68935153-0753-4ADA-B010-3DD4CB068799}
		{5F2BE363-C124-4C66-8F9A-32AC4FE25EB6} = {68935153-0753-4ADA-B010-3DD4CB068799}
		{976DD53C-B594-43C6-8B58-64EA3A3A6D83} = {BCDB8FDA-52AD-40D1-8974-3FAD9AD897C0}
		{1FC819BC-0890-4C1C-85C9-38D76E541B0C} = {479CBDEE-E299-421F-B9AC-54DA5DAB10B4}
		{90602373-9D89-4BC8-8237-D4F9535B0C16} = {68935153-0753-4ADA-B010-3DD4CB068799}
		{009014EE-4B60-43C8-8634-14B96CF6D0C3} = {BCDB8FDA-52AD-40D1-8974-3FAD9AD897C0}
		{63D12C73-773A-46A1-BBED-30BAAE4E912E} = {009014EE-4B60-43C8-8634-14B96CF6D0C3}
		{7C46ED76-4177-4CD3-9F49-3600EAAD798F} = {BCDB8FDA-52AD-40D1-8974-3FAD9AD897C0}
		{C34EEFF1-93ED-4764-B340-8AF1DC491A0C} = {83E5CADE-2D64-44C9-956E-5BB806780670}
	EndGlobalSection
	GlobalSection(ExtensibilityGlobals) = postSolution
		SolutionGuid = {7DDA1294-038E-47BD-9AF1-CDB9ADCB4B5F}
	EndGlobalSection
EndGlobal
