
Microsoft Visual Studio Solution File, Format Version 12.00
# Visual Studio Version 16
VisualStudioVersion = 16.0.30011.22
MinimumVisualStudioVersion = 10.0.40219.1
Project("{2150E333-8FDC-42A3-9474-1A3956D46DE8}") = "Shared", "Shared", "{7E4B4C65-4D1B-49B6-B619-DEC54B513A25}"
EndProject
Project("{2150E333-8FDC-42A3-9474-1A3956D46DE8}") = "Server", "Server", "{A9FE2A99-24B7-4C75-8573-60CEED33FB96}"
EndProject
Project("{2150E333-8FDC-42A3-9474-1A3956D46DE8}") = "Xamarin", "Xamarin", "{B2560DB9-5898-44A9-B6B9-0469ADCA23F2}"
EndProject
Project("{9A19103F-16F7-4668-BE54-9A1E7A4F7556}") = "SharedLibrary", "SharedLibrary\SharedLibrary.csproj", "{025F28AA-F63E-48DD-970F-705E198164A8}"
EndProject
Project("{9A19103F-16F7-4668-BE54-9A1E7A4F7556}") = "CoreServerAPI", "CoreServerAPI\CoreServerAPI.csproj", "{16C24D96-8D82-4B26-9147-BBBF47024AF6}"
EndProject
Global
	GlobalSection(SolutionConfigurationPlatforms) = preSolution
		Debug|Any CPU = Debug|Any CPU
		Debug|ARM = Debug|ARM
		Debug|iPhone = Debug|iPhone
		Debug|iPhoneSimulator = Debug|iPhoneSimulator
		Debug|x64 = Debug|x64
		Debug|x86 = Debug|x86
		Release|Any CPU = Release|Any CPU
		Release|ARM = Release|ARM
		Release|iPhone = Release|iPhone
		Release|iPhoneSimulator = Release|iPhoneSimulator
		Release|x64 = Release|x64
		Release|x86 = Release|x86
	EndGlobalSection
	GlobalSection(ProjectConfigurationPlatforms) = postSolution
		{025F28AA-F63E-48DD-970F-705E198164A8}.Debug|Any CPU.ActiveCfg = Debug|Any CPU
		{025F28AA-F63E-48DD-970F-705E198164A8}.Debug|Any CPU.Build.0 = Debug|Any CPU
		{025F28AA-F63E-48DD-970F-705E198164A8}.Debug|ARM.ActiveCfg = Debug|Any CPU
		{025F28AA-F63E-48DD-970F-705E198164A8}.Debug|ARM.Build.0 = Debug|Any CPU
		{025F28AA-F63E-48DD-970F-705E198164A8}.Debug|iPhone.ActiveCfg = Debug|Any CPU
		{025F28AA-F63E-48DD-970F-705E198164A8}.Debug|iPhone.Build.0 = Debug|Any CPU
		{025F28AA-F63E-48DD-970F-705E198164A8}.Debug|iPhoneSimulator.ActiveCfg = Debug|Any CPU
		{025F28AA-F63E-48DD-970F-705E198164A8}.Debug|iPhoneSimulator.Build.0 = Debug|Any CPU
		{025F28AA-F63E-48DD-970F-705E198164A8}.Debug|x64.ActiveCfg = Debug|Any CPU
		{025F28AA-F63E-48DD-970F-705E198164A8}.Debug|x64.Build.0 = Debug|Any CPU
		{025F28AA-F63E-48DD-970F-705E198164A8}.Debug|x86.ActiveCfg = Debug|Any CPU
		{025F28AA-F63E-48DD-970F-705E198164A8}.Debug|x86.Build.0 = Debug|Any CPU
		{025F28AA-F63E-48DD-970F-705E198164A8}.Release|Any CPU.ActiveCfg = Release|Any CPU
		{025F28AA-F63E-48DD-970F-705E198164A8}.Release|Any CPU.Build.0 = Release|Any CPU
		{025F28AA-F63E-48DD-970F-705E198164A8}.Release|ARM.ActiveCfg = Release|Any CPU
		{025F28AA-F63E-48DD-970F-705E198164A8}.Release|ARM.Build.0 = Release|Any CPU
		{025F28AA-F63E-48DD-970F-705E198164A8}.Release|iPhone.ActiveCfg = Release|Any CPU
		{025F28AA-F63E-48DD-970F-705E198164A8}.Release|iPhone.Build.0 = Release|Any CPU
		{025F28AA-F63E-48DD-970F-705E198164A8}.Release|iPhoneSimulator.ActiveCfg = Release|Any CPU
		{025F28AA-F63E-48DD-970F-705E198164A8}.Release|iPhoneSimulator.Build.0 = Release|Any CPU
		{025F28AA-F63E-48DD-970F-705E198164A8}.Release|x64.ActiveCfg = Release|Any CPU
		{025F28AA-F63E-48DD-970F-705E198164A8}.Release|x64.Build.0 = Release|Any CPU
		{025F28AA-F63E-48DD-970F-705E198164A8}.Release|x86.ActiveCfg = Release|Any CPU
		{025F28AA-F63E-48DD-970F-705E198164A8}.Release|x86.Build.0 = Release|Any CPU
		{16C24D96-8D82-4B26-9147-BBBF47024AF6}.Debug|Any CPU.ActiveCfg = Debug|Any CPU
		{16C24D96-8D82-4B26-9147-BBBF47024AF6}.Debug|Any CPU.Build.0 = Debug|Any CPU
		{16C24D96-8D82-4B26-9147-BBBF47024AF6}.Debug|ARM.ActiveCfg = Debug|Any CPU
		{16C24D96-8D82-4B26-9147-BBBF47024AF6}.Debug|ARM.Build.0 = Debug|Any CPU
		{16C24D96-8D82-4B26-9147-BBBF47024AF6}.Debug|iPhone.ActiveCfg = Debug|Any CPU
		{16C24D96-8D82-4B26-9147-BBBF47024AF6}.Debug|iPhone.Build.0 = Debug|Any CPU
		{16C24D96-8D82-4B26-9147-BBBF47024AF6}.Debug|iPhoneSimulator.ActiveCfg = Debug|Any CPU
		{16C24D96-8D82-4B26-9147-BBBF47024AF6}.Debug|iPhoneSimulator.Build.0 = Debug|Any CPU
		{16C24D96-8D82-4B26-9147-BBBF47024AF6}.Debug|x64.ActiveCfg = Debug|Any CPU
		{16C24D96-8D82-4B26-9147-BBBF47024AF6}.Debug|x64.Build.0 = Debug|Any CPU
		{16C24D96-8D82-4B26-9147-BBBF47024AF6}.Debug|x86.ActiveCfg = Debug|Any CPU
		{16C24D96-8D82-4B26-9147-BBBF47024AF6}.Debug|x86.Build.0 = Debug|Any CPU
		{16C24D96-8D82-4B26-9147-BBBF47024AF6}.Release|Any CPU.ActiveCfg = Release|Any CPU
		{16C24D96-8D82-4B26-9147-BBBF47024AF6}.Release|Any CPU.Build.0 = Release|Any CPU
		{16C24D96-8D82-4B26-9147-BBBF47024AF6}.Release|ARM.ActiveCfg = Release|Any CPU
		{16C24D96-8D82-4B26-9147-BBBF47024AF6}.Release|ARM.Build.0 = Release|Any CPU
		{16C24D96-8D82-4B26-9147-BBBF47024AF6}.Release|iPhone.ActiveCfg = Release|Any CPU
		{16C24D96-8D82-4B26-9147-BBBF47024AF6}.Release|iPhone.Build.0 = Release|Any CPU
		{16C24D96-8D82-4B26-9147-BBBF47024AF6}.Release|iPhoneSimulator.ActiveCfg = Release|Any CPU
		{16C24D96-8D82-4B26-9147-BBBF47024AF6}.Release|iPhoneSimulator.Build.0 = Release|Any CPU
		{16C24D96-8D82-4B26-9147-BBBF47024AF6}.Release|x64.ActiveCfg = Release|Any CPU
		{16C24D96-8D82-4B26-9147-BBBF47024AF6}.Release|x64.Build.0 = Release|Any CPU
		{16C24D96-8D82-4B26-9147-BBBF47024AF6}.Release|x86.ActiveCfg = Release|Any CPU
		{16C24D96-8D82-4B26-9147-BBBF47024AF6}.Release|x86.Build.0 = Release|Any CPU
	EndGlobalSection
	GlobalSection(SolutionProperties) = preSolution
		HideSolutionNode = FALSE
	EndGlobalSection
	GlobalSection(NestedProjects) = preSolution
		{025F28AA-F63E-48DD-970F-705E198164A8} = {7E4B4C65-4D1B-49B6-B619-DEC54B513A25}
		{16C24D96-8D82-4B26-9147-BBBF47024AF6} = {A9FE2A99-24B7-4C75-8573-60CEED33FB96}
	EndGlobalSection
	GlobalSection(ExtensibilityGlobals) = postSolution
		SolutionGuid = {7DDA1294-038E-47BD-9AF1-CDB9ADCB4B5F}
	EndGlobalSection
EndGlobal
